
Microsoft Visual Studio Solution File, Format Version 12.00
# Visual Studio Version 17
VisualStudioVersion = 17.12.35521.163
MinimumVisualStudioVersion = 10.0.40219.1
Project("{FAE04EC0-301F-11D3-BF4B-00C04F79EFBC}") = "DataProtection.Abstractions", "DataProtection.Abstractions\DataProtection.Abstractions.csproj", "{BBE95232-AEC0-4B80-9B56-0AECAED8FF9F}"
EndProject
Project("{FAE04EC0-301F-11D3-BF4B-00C04F79EFBC}") = "DataProtection.Api", "DataProtection.Api\DataProtection.Api.csproj", "{E480B996-CFE3-4B94-8777-AC0B9E96B8E4}"
EndProject
Project("{FAE04EC0-301F-11D3-BF4B-00C04F79EFBC}") = "DataProtection.Middlewares", "DataProtection.Middlewares\DataProtection.Middlewares.csproj", "{DE5D4054-2445-43EE-BD31-3E8E1CA6910F}"
EndProject
Global
	GlobalSection(SolutionConfigurationPlatforms) = preSolution
		Debug|Any CPU = Debug|Any CPU
		Release|Any CPU = Release|Any CPU
	EndGlobalSection
	GlobalSection(ProjectConfigurationPlatforms) = postSolution
		{BBE95232-AEC0-4B80-9B56-0AECAED8FF9F}.Debug|Any CPU.ActiveCfg = Debug|Any CPU
		{BBE95232-AEC0-4B80-9B56-0AECAED8FF9F}.Debug|Any CPU.Build.0 = Debug|Any CPU
		{BBE95232-AEC0-4B80-9B56-0AECAED8FF9F}.Release|Any CPU.ActiveCfg = Release|Any CPU
		{BBE95232-AEC0-4B80-9B56-0AECAED8FF9F}.Release|Any CPU.Build.0 = Release|Any CPU
		{E480B996-CFE3-4B94-8777-AC0B9E96B8E4}.Debug|Any CPU.ActiveCfg = Debug|Any CPU
		{E480B996-CFE3-4B94-8777-AC0B9E96B8E4}.Debug|Any CPU.Build.0 = Debug|Any CPU
		{E480B996-CFE3-4B94-8777-AC0B9E96B8E4}.Release|Any CPU.ActiveCfg = Release|Any CPU
		{E480B996-CFE3-4B94-8777-AC0B9E96B8E4}.Release|Any CPU.Build.0 = Release|Any CPU
		{DE5D4054-2445-43EE-BD31-3E8E1CA6910F}.Debug|Any CPU.ActiveCfg = Debug|Any CPU
		{DE5D4054-2445-43EE-BD31-3E8E1CA6910F}.Debug|Any CPU.Build.0 = Debug|Any CPU
		{DE5D4054-2445-43EE-BD31-3E8E1CA6910F}.Release|Any CPU.ActiveCfg = Release|Any CPU
		{DE5D4054-2445-43EE-BD31-3E8E1CA6910F}.Release|Any CPU.Build.0 = Release|Any CPU
	EndGlobalSection
	GlobalSection(SolutionProperties) = preSolution
		HideSolutionNode = FALSE
	EndGlobalSection
EndGlobal
